{
  "nodes": {
<<<<<<< HEAD
    "anki-mcp": {
      "inputs": {
        "nixpkgs": "nixpkgs"
      },
      "locked": {
        "lastModified": 1776973868,
        "narHash": "sha256-7Wo9GXHxy4smMohrlJrTSXdRKxCuv40IWRfrASiYtdM=",
        "owner": "ankimcp",
        "repo": "anki-mcp-server-addon",
        "rev": "b22adffab29de798799d592302e04398b287db10",
        "type": "github"
      },
      "original": {
        "owner": "ankimcp",
        "repo": "anki-mcp-server-addon",
        "type": "github"
      }
    },
=======
>>>>>>> 98f10f82d6385071afd666d63032ffb49ab0e20c
    "base16": {
      "inputs": {
        "fromYaml": "fromYaml"
      },
      "locked": {
<<<<<<< HEAD
        "lastModified": 1755819240,
        "narHash": "sha256-qcMhnL7aGAuFuutH4rq9fvAhCpJWVHLcHVZLtPctPlo=",
        "owner": "SenchoPens",
        "repo": "base16.nix",
        "rev": "75ed5e5e3fce37df22e49125181fa37899c3ccd6",
=======
        "lastModified": 1746562888,
        "narHash": "sha256-YgNJQyB5dQiwavdDFBMNKk1wyS77AtdgDk/VtU6wEaI=",
        "owner": "SenchoPens",
        "repo": "base16.nix",
        "rev": "806a1777a5db2a1ef9d5d6f493ef2381047f2b89",
>>>>>>> 98f10f82d6385071afd666d63032ffb49ab0e20c
        "type": "github"
      },
      "original": {
        "owner": "SenchoPens",
        "repo": "base16.nix",
        "type": "github"
      }
    },
    "base16-fish": {
      "flake": false,
      "locked": {
<<<<<<< HEAD
        "lastModified": 1765809053,
        "narHash": "sha256-XCUQLoLfBJ8saWms2HCIj4NEN+xNsWBlU1NrEPcQG4s=",
        "owner": "tomyun",
        "repo": "base16-fish",
        "rev": "86cbea4dca62e08fb7fd83a70e96472f92574782",
=======
        "lastModified": 1754405784,
        "narHash": "sha256-l9xHIy+85FN+bEo6yquq2IjD1rSg9fjfjpyGP1W8YXo=",
        "owner": "tomyun",
        "repo": "base16-fish",
        "rev": "23ae20a0093dca0d7b39d76ba2401af0ccf9c561",
>>>>>>> 98f10f82d6385071afd666d63032ffb49ab0e20c
        "type": "github"
      },
      "original": {
        "owner": "tomyun",
        "repo": "base16-fish",
<<<<<<< HEAD
        "rev": "86cbea4dca62e08fb7fd83a70e96472f92574782",
=======
        "rev": "23ae20a0093dca0d7b39d76ba2401af0ccf9c561",
>>>>>>> 98f10f82d6385071afd666d63032ffb49ab0e20c
        "type": "github"
      }
    },
    "base16-helix": {
      "flake": false,
      "locked": {
<<<<<<< HEAD
        "lastModified": 1760703920,
        "narHash": "sha256-m82fGUYns4uHd+ZTdoLX2vlHikzwzdu2s2rYM2bNwzw=",
        "owner": "tinted-theming",
        "repo": "base16-helix",
        "rev": "d646af9b7d14bff08824538164af99d0c521b185",
=======
        "lastModified": 1748408240,
        "narHash": "sha256-9M2b1rMyMzJK0eusea0x3lyh3mu5nMeEDSc4RZkGm+g=",
        "owner": "tinted-theming",
        "repo": "base16-helix",
        "rev": "6c711ab1a9db6f51e2f6887cc3345530b33e152e",
>>>>>>> 98f10f82d6385071afd666d63032ffb49ab0e20c
        "type": "github"
      },
      "original": {
        "owner": "tinted-theming",
        "repo": "base16-helix",
        "type": "github"
      }
    },
    "base16-vim": {
      "flake": false,
      "locked": {
        "lastModified": 1732806396,
        "narHash": "sha256-e0bpPySdJf0F68Ndanwm+KWHgQiZ0s7liLhvJSWDNsA=",
        "owner": "tinted-theming",
        "repo": "base16-vim",
        "rev": "577fe8125d74ff456cf942c733a85d769afe58b7",
        "type": "github"
      },
      "original": {
        "owner": "tinted-theming",
        "repo": "base16-vim",
        "rev": "577fe8125d74ff456cf942c733a85d769afe58b7",
        "type": "github"
      }
    },
    "betterfox": {
      "flake": false,
      "locked": {
<<<<<<< HEAD
        "lastModified": 1776800442,
        "narHash": "sha256-elGsTJu+eSzyS9IAnQuEppyhdDkRQwggUP7aypuXRh8=",
        "owner": "yokoffing",
        "repo": "Betterfox",
        "rev": "5fcaade85eb954095c0daca8bb95ec6217413a1f",
=======
        "lastModified": 1760835822,
        "narHash": "sha256-sYOjMSFJSq9VWG4S78n3lXExreYXalUAHmEPXP2vnfM=",
        "owner": "yokoffing",
        "repo": "Betterfox",
        "rev": "9efeb601f60d7440b07c579fa47f047c83d2352d",
>>>>>>> 98f10f82d6385071afd666d63032ffb49ab0e20c
        "type": "github"
      },
      "original": {
        "owner": "yokoffing",
        "repo": "Betterfox",
        "type": "github"
      }
    },
<<<<<<< HEAD
    "browseros-ai": {
      "inputs": {
        "nix": "nix",
        "nixpkgs": [
          "nixpkgs"
        ]
      },
      "locked": {
        "lastModified": 1775322130,
        "narHash": "sha256-q3skfe7hX2s/ekx0hSc6bFsqFLeUd4KWaXTnbJ2Tla8=",
        "owner": "skifli",
        "repo": "browseros-ai",
        "rev": "9859c4ae06adc9a34edbd4287c2712f084cfc378",
        "type": "github"
      },
      "original": {
        "owner": "skifli",
        "repo": "browseros-ai",
        "type": "github"
      }
    },
    "firefox-gnome-theme": {
      "flake": false,
      "locked": {
        "lastModified": 1764873433,
        "narHash": "sha256-1XPewtGMi+9wN9Ispoluxunw/RwozuTRVuuQOmxzt+A=",
        "owner": "rafaelmardojai",
        "repo": "firefox-gnome-theme",
        "rev": "f7ffd917ac0d253dbd6a3bf3da06888f57c69f92",
=======
    "firefox-gnome-theme": {
      "flake": false,
      "locked": {
        "lastModified": 1748383148,
        "narHash": "sha256-pGvD/RGuuPf/4oogsfeRaeMm6ipUIznI2QSILKjKzeA=",
        "owner": "rafaelmardojai",
        "repo": "firefox-gnome-theme",
        "rev": "4eb2714fbed2b80e234312611a947d6cb7d70caf",
>>>>>>> 98f10f82d6385071afd666d63032ffb49ab0e20c
        "type": "github"
      },
      "original": {
        "owner": "rafaelmardojai",
        "repo": "firefox-gnome-theme",
        "type": "github"
      }
    },
    "flake-compat": {
<<<<<<< HEAD
      "flake": false,
      "locked": {
        "lastModified": 1733328505,
        "narHash": "sha256-NeCCThCEP3eCl2l/+27kNNK7QrwZB1IJCrXfrbv5oqU=",
        "owner": "edolstra",
        "repo": "flake-compat",
        "rev": "ff81ac966bb2cae68946d5ed5fc4994f96d0ffec",
        "type": "github"
      },
      "original": {
        "owner": "edolstra",
        "repo": "flake-compat",
        "type": "github"
=======
      "locked": {
        "lastModified": 1696426674,
        "narHash": "sha256-kvjfFW7WAETZlt09AgDn1MrtKzP7t90Vf7vypd3OL1U=",
        "rev": "0f9255e01c2351cc7d116c072cb317785dd33b33",
        "revCount": 57,
        "type": "tarball",
        "url": "https://api.flakehub.com/f/pinned/edolstra/flake-compat/1.0.1/018afb31-abd1-7bff-a5e4-cff7e18efb7a/source.tar.gz"
      },
      "original": {
        "type": "tarball",
        "url": "https://flakehub.com/f/edolstra/flake-compat/1.tar.gz"
>>>>>>> 98f10f82d6385071afd666d63032ffb49ab0e20c
      }
    },
    "flake-parts": {
      "inputs": {
        "nixpkgs-lib": [
<<<<<<< HEAD
          "browseros-ai",
          "nix",
          "nixpkgs"
        ]
      },
      "locked": {
        "lastModified": 1733312601,
        "narHash": "sha256-4pDvzqnegAfRkPwO3wmwBhVi/Sye1mzps0zHWYnP88c=",
        "owner": "hercules-ci",
        "repo": "flake-parts",
        "rev": "205b12d8b7cd4802fbcb8e8ef6a0f1408781a4f9",
        "type": "github"
      },
      "original": {
        "owner": "hercules-ci",
        "repo": "flake-parts",
        "type": "github"
      }
    },
    "flake-parts_2": {
      "inputs": {
        "nixpkgs-lib": [
=======
>>>>>>> 98f10f82d6385071afd666d63032ffb49ab0e20c
          "stylix",
          "nixpkgs"
        ]
      },
      "locked": {
<<<<<<< HEAD
        "lastModified": 1767609335,
        "narHash": "sha256-feveD98mQpptwrAEggBQKJTYbvwwglSbOv53uCfH9PY=",
        "owner": "hercules-ci",
        "repo": "flake-parts",
        "rev": "250481aafeb741edfe23d29195671c19b36b6dca",
=======
        "lastModified": 1749398372,
        "narHash": "sha256-tYBdgS56eXYaWVW3fsnPQ/nFlgWi/Z2Ymhyu21zVM98=",
        "owner": "hercules-ci",
        "repo": "flake-parts",
        "rev": "9305fe4e5c2a6fcf5ba6a3ff155720fbe4076569",
>>>>>>> 98f10f82d6385071afd666d63032ffb49ab0e20c
        "type": "github"
      },
      "original": {
        "owner": "hercules-ci",
        "repo": "flake-parts",
        "type": "github"
      }
    },
<<<<<<< HEAD
=======
    "flake-utils": {
      "inputs": {
        "systems": "systems_2"
      },
      "locked": {
        "lastModified": 1731533236,
        "narHash": "sha256-l0KFg5HjrsfsO/JpG+r7fRrqm12kzFHyUHqHCVpMMbI=",
        "owner": "numtide",
        "repo": "flake-utils",
        "rev": "11707dc2f618dd54ca8739b309ec4fc024de578b",
        "type": "github"
      },
      "original": {
        "owner": "numtide",
        "repo": "flake-utils",
        "type": "github"
      }
    },
    "flake-utils_2": {
      "inputs": {
        "systems": "systems_3"
      },
      "locked": {
        "lastModified": 1710146030,
        "narHash": "sha256-SZ5L6eA7HJ/nmkzGG7/ISclqe6oZdOZTNoesiInkXPQ=",
        "owner": "numtide",
        "repo": "flake-utils",
        "rev": "b1d9ab70662946ef0850d488da1c9019f3a9752a",
        "type": "github"
      },
      "original": {
        "owner": "numtide",
        "repo": "flake-utils",
        "type": "github"
      }
    },
>>>>>>> 98f10f82d6385071afd666d63032ffb49ab0e20c
    "fromYaml": {
      "flake": false,
      "locked": {
        "lastModified": 1731966426,
        "narHash": "sha256-lq95WydhbUTWig/JpqiB7oViTcHFP8Lv41IGtayokA8=",
        "owner": "SenchoPens",
        "repo": "fromYaml",
        "rev": "106af9e2f715e2d828df706c386a685698f3223b",
        "type": "github"
      },
      "original": {
        "owner": "SenchoPens",
        "repo": "fromYaml",
        "type": "github"
      }
    },
<<<<<<< HEAD
    "git-hooks-nix": {
      "inputs": {
        "flake-compat": [
          "browseros-ai",
          "nix"
        ],
        "gitignore": [
          "browseros-ai",
          "nix"
        ],
        "nixpkgs": [
          "browseros-ai",
          "nix",
          "nixpkgs"
        ],
        "nixpkgs-stable": [
          "browseros-ai",
          "nix",
          "nixpkgs"
        ]
      },
      "locked": {
        "lastModified": 1734279981,
        "narHash": "sha256-NdaCraHPp8iYMWzdXAt5Nv6sA3MUzlCiGiR586TCwo0=",
        "owner": "cachix",
        "repo": "git-hooks.nix",
        "rev": "aa9f40c906904ebd83da78e7f328cd8aeaeae785",
        "type": "github"
      },
      "original": {
        "owner": "cachix",
        "repo": "git-hooks.nix",
        "type": "github"
      }
    },
=======
>>>>>>> 98f10f82d6385071afd666d63032ffb49ab0e20c
    "gnome-shell": {
      "flake": false,
      "locked": {
        "host": "gitlab.gnome.org",
<<<<<<< HEAD
        "lastModified": 1767737596,
        "narHash": "sha256-eFujfIUQDgWnSJBablOuG+32hCai192yRdrNHTv0a+s=",
        "owner": "GNOME",
        "repo": "gnome-shell",
        "rev": "ef02db02bf0ff342734d525b5767814770d85b49",
=======
        "lastModified": 1764524476,
        "narHash": "sha256-bTmNn3Q4tMQ0J/P0O5BfTQwqEnCiQIzOGef9/aqAZvk=",
        "owner": "GNOME",
        "repo": "gnome-shell",
        "rev": "c0e1ad9f0f703fd0519033b8f46c3267aab51a22",
>>>>>>> 98f10f82d6385071afd666d63032ffb49ab0e20c
        "type": "gitlab"
      },
      "original": {
        "host": "gitlab.gnome.org",
        "owner": "GNOME",
        "ref": "gnome-49",
        "repo": "gnome-shell",
        "type": "gitlab"
      }
    },
    "home-manager": {
      "inputs": {
        "nixpkgs": [
          "nixpkgs"
        ]
      },
      "locked": {
<<<<<<< HEAD
        "lastModified": 1775425411,
        "narHash": "sha256-KY6HsebJHEe5nHOWP7ur09mb0drGxYSzE3rQxy62rJo=",
        "owner": "nix-community",
        "repo": "home-manager",
        "rev": "0d02ec1d0a05f88ef9e74b516842900c41f0f2fe",
=======
        "lastModified": 1764398914,
        "narHash": "sha256-YPrpwlVQidzQlMh0OnquaJR+58rKe9YNnuRis293Ilo=",
        "owner": "nix-community",
        "repo": "home-manager",
        "rev": "d0c5fdc48db6f19471b8adc954eca09194e68036",
>>>>>>> 98f10f82d6385071afd666d63032ffb49ab0e20c
        "type": "github"
      },
      "original": {
        "owner": "nix-community",
        "ref": "release-25.11",
        "repo": "home-manager",
        "type": "github"
      }
    },
    "home-manager_2": {
      "inputs": {
        "nixpkgs": [
          "zen-browser",
          "nixpkgs"
        ]
      },
      "locked": {
<<<<<<< HEAD
        "lastModified": 1776184304,
        "narHash": "sha256-No6QGBmIv5ChiwKCcbkxjdEQ/RO2ZS1gD7SFy6EZ7rc=",
        "owner": "nix-community",
        "repo": "home-manager",
        "rev": "3c7524c68348ef79ce48308e0978611a050089b2",
=======
        "lastModified": 1752603129,
        "narHash": "sha256-S+wmHhwNQ5Ru689L2Gu8n1OD6s9eU9n9mD827JNR+kw=",
        "owner": "nix-community",
        "repo": "home-manager",
        "rev": "e8c19a3cec2814c754f031ab3ae7316b64da085b",
>>>>>>> 98f10f82d6385071afd666d63032ffb49ab0e20c
        "type": "github"
      },
      "original": {
        "owner": "nix-community",
        "repo": "home-manager",
        "type": "github"
      }
    },
    "lan-mouse": {
      "inputs": {
<<<<<<< HEAD
        "nixpkgs": "nixpkgs_3",
        "rust-overlay": "rust-overlay"
      },
      "locked": {
        "lastModified": 1777496383,
        "narHash": "sha256-mebY9G6bvaP7F312eZZh9CFlBxwj/LfeEXVuId85x/w=",
        "owner": "feschber",
        "repo": "lan-mouse",
        "rev": "3e7b04c1848afb2d77f802c7ddf1f5f3720c1b47",
=======
        "nixpkgs": "nixpkgs",
        "rust-overlay": "rust-overlay"
      },
      "locked": {
        "lastModified": 1762189458,
        "narHash": "sha256-y3TGE5tEq6+72AlfxG3ucGHWs3hoEpNyQwnHdwYR9lo=",
        "owner": "feschber",
        "repo": "lan-mouse",
        "rev": "640fa995a4ae3c5a0aaaafe04857930979edc220",
>>>>>>> 98f10f82d6385071afd666d63032ffb49ab0e20c
        "type": "github"
      },
      "original": {
        "owner": "feschber",
        "repo": "lan-mouse",
        "type": "github"
      }
    },
    "niri": {
      "inputs": {
        "niri-stable": "niri-stable",
        "niri-unstable": "niri-unstable",
        "nixpkgs": [
          "nixpkgs"
        ],
        "nixpkgs-stable": "nixpkgs-stable",
        "xwayland-satellite-stable": "xwayland-satellite-stable",
        "xwayland-satellite-unstable": "xwayland-satellite-unstable"
      },
      "locked": {
<<<<<<< HEAD
        "lastModified": 1777542749,
        "narHash": "sha256-j4W+WwdiRxTTFdsoB8A7jlLNLbMQANKJxh9eKf8nOIs=",
        "owner": "sodiboo",
        "repo": "niri-flake",
        "rev": "36130bc452e0a84c07761d2e176ae875b48eebf3",
=======
        "lastModified": 1760950171,
        "narHash": "sha256-E2ySTu/oK7cYBdAI3tlGP9zVjF4mZgWJ1OZInBCMb00=",
        "owner": "sodiboo",
        "repo": "niri-flake",
        "rev": "f851a923137c0a54719412146fd63d24b3214e60",
>>>>>>> 98f10f82d6385071afd666d63032ffb49ab0e20c
        "type": "github"
      },
      "original": {
        "owner": "sodiboo",
        "repo": "niri-flake",
        "type": "github"
      }
    },
    "niri-stable": {
      "flake": false,
      "locked": {
        "lastModified": 1756556321,
        "narHash": "sha256-RLD89dfjN0RVO86C/Mot0T7aduCygPGaYbog566F0Qo=",
        "owner": "YaLTeR",
        "repo": "niri",
        "rev": "01be0e65f4eb91a9cd624ac0b76aaeab765c7294",
        "type": "github"
      },
      "original": {
        "owner": "YaLTeR",
        "ref": "v25.08",
        "repo": "niri",
        "type": "github"
      }
    },
    "niri-unstable": {
      "flake": false,
      "locked": {
<<<<<<< HEAD
        "lastModified": 1777468255,
        "narHash": "sha256-lBZc1UMy+1P1T/E41j3jQrpS7EFI3qegd+ktHZdamIg=",
        "owner": "YaLTeR",
        "repo": "niri",
        "rev": "dd1c3bcb9f1ef416df33ffa22d1d9bcee1398e7d",
=======
        "lastModified": 1760940149,
        "narHash": "sha256-KbM47vD6E0cx+v4jYQZ8mD5N186AKm2CQlyh34TW58U=",
        "owner": "YaLTeR",
        "repo": "niri",
        "rev": "b3245b81a6ed8edfaf5388a74d2e0a23c24941e5",
>>>>>>> 98f10f82d6385071afd666d63032ffb49ab0e20c
        "type": "github"
      },
      "original": {
        "owner": "YaLTeR",
        "repo": "niri",
        "type": "github"
      }
    },
<<<<<<< HEAD
    "nix": {
      "inputs": {
        "flake-compat": "flake-compat",
        "flake-parts": "flake-parts",
        "git-hooks-nix": "git-hooks-nix",
        "nixpkgs": "nixpkgs_2",
        "nixpkgs-23-11": "nixpkgs-23-11",
        "nixpkgs-regression": "nixpkgs-regression"
      },
      "locked": {
        "lastModified": 1761320671,
        "narHash": "sha256-ZuLIhWIuBa3/ELXZbOGTP+4svTVmZpE6z8kA+tMDWUg=",
        "owner": "NixOS",
        "repo": "nix",
        "rev": "9a695f90679f8b7782986e450d4754b5cc1ccf22",
        "type": "github"
      },
      "original": {
        "id": "nix",
        "type": "indirect"
=======
    "nix-filter": {
      "locked": {
        "lastModified": 1731533336,
        "narHash": "sha256-oRam5PS1vcrr5UPgALW0eo1m/5/pls27Z/pabHNy2Ms=",
        "owner": "numtide",
        "repo": "nix-filter",
        "rev": "f7653272fd234696ae94229839a99b73c9ab7de0",
        "type": "github"
      },
      "original": {
        "owner": "numtide",
        "repo": "nix-filter",
        "type": "github"
>>>>>>> 98f10f82d6385071afd666d63032ffb49ab0e20c
      }
    },
    "nixpkgs": {
      "locked": {
<<<<<<< HEAD
        "lastModified": 1777268161,
        "narHash": "sha256-bxrdOn8SCOv8tN4JbTF/TXq7kjo9ag4M+C8yzzIRYbE=",
        "owner": "NixOS",
        "repo": "nixpkgs",
        "rev": "1c3fe55ad329cbcb28471bb30f05c9827f724c76",
        "type": "github"
      },
      "original": {
        "owner": "NixOS",
=======
        "lastModified": 1752687322,
        "narHash": "sha256-RKwfXA4OZROjBTQAl9WOZQFm7L8Bo93FQwSJpAiSRvo=",
        "owner": "nixos",
        "repo": "nixpkgs",
        "rev": "6e987485eb2c77e5dcc5af4e3c70843711ef9251",
        "type": "github"
      },
      "original": {
        "owner": "nixos",
>>>>>>> 98f10f82d6385071afd666d63032ffb49ab0e20c
        "ref": "nixos-unstable",
        "repo": "nixpkgs",
        "type": "github"
      }
    },
<<<<<<< HEAD
    "nixpkgs-23-11": {
      "locked": {
        "lastModified": 1717159533,
        "narHash": "sha256-oamiKNfr2MS6yH64rUn99mIZjc45nGJlj9eGth/3Xuw=",
        "owner": "NixOS",
        "repo": "nixpkgs",
        "rev": "a62e6edd6d5e1fa0329b8653c801147986f8d446",
        "type": "github"
      },
      "original": {
        "owner": "NixOS",
        "repo": "nixpkgs",
        "rev": "a62e6edd6d5e1fa0329b8653c801147986f8d446",
        "type": "github"
      }
    },
    "nixpkgs-regression": {
      "locked": {
        "lastModified": 1643052045,
        "narHash": "sha256-uGJ0VXIhWKGXxkeNnq4TvV3CIOkUJ3PAoLZ3HMzNVMw=",
        "owner": "NixOS",
        "repo": "nixpkgs",
        "rev": "215d4d0fd80ca5163643b03a33fde804a29cc1e2",
        "type": "github"
      },
      "original": {
        "owner": "NixOS",
        "repo": "nixpkgs",
        "rev": "215d4d0fd80ca5163643b03a33fde804a29cc1e2",
        "type": "github"
      }
    },
    "nixpkgs-stable": {
      "locked": {
        "lastModified": 1777428379,
        "narHash": "sha256-ypxFOeDz+CqADEQNL72haqGjvZQdBR5Vc7pyx2JDttI=",
        "owner": "NixOS",
        "repo": "nixpkgs",
        "rev": "755f5aa91337890c432639c60b6064bb7fe67769",
=======
    "nixpkgs-stable": {
      "locked": {
        "lastModified": 1760862643,
        "narHash": "sha256-PXwG0TM7Ek87DNx4LbGWuD93PbFeKAJs4FfALtp7Wo0=",
        "owner": "NixOS",
        "repo": "nixpkgs",
        "rev": "33c6dca0c0cb31d6addcd34e90a63ad61826b28c",
>>>>>>> 98f10f82d6385071afd666d63032ffb49ab0e20c
        "type": "github"
      },
      "original": {
        "owner": "NixOS",
<<<<<<< HEAD
        "ref": "nixos-25.11",
=======
        "ref": "nixos-25.05",
>>>>>>> 98f10f82d6385071afd666d63032ffb49ab0e20c
        "repo": "nixpkgs",
        "type": "github"
      }
    },
    "nixpkgs-unstable": {
      "locked": {
<<<<<<< HEAD
        "lastModified": 1777268161,
        "narHash": "sha256-bxrdOn8SCOv8tN4JbTF/TXq7kjo9ag4M+C8yzzIRYbE=",
        "owner": "nixos",
        "repo": "nixpkgs",
        "rev": "1c3fe55ad329cbcb28471bb30f05c9827f724c76",
=======
        "lastModified": 1761672384,
        "narHash": "sha256-o9KF3DJL7g7iYMZq9SWgfS1BFlNbsm6xplRjVlOCkXI=",
        "owner": "nixos",
        "repo": "nixpkgs",
        "rev": "08dacfca559e1d7da38f3cf05f1f45ee9bfd213c",
>>>>>>> 98f10f82d6385071afd666d63032ffb49ab0e20c
        "type": "github"
      },
      "original": {
        "owner": "nixos",
        "ref": "nixos-unstable",
        "repo": "nixpkgs",
        "type": "github"
      }
    },
    "nixpkgs_2": {
      "locked": {
<<<<<<< HEAD
        "lastModified": 1756178832,
        "narHash": "sha256-O2CIn7HjZwEGqBrwu9EU76zlmA5dbmna7jL1XUmAId8=",
        "owner": "NixOS",
        "repo": "nixpkgs",
        "rev": "d98ce345cdab58477ca61855540999c86577d19d",
        "type": "github"
      },
      "original": {
        "owner": "NixOS",
        "ref": "nixos-25.05-small",
        "repo": "nixpkgs",
        "type": "github"
      }
    },
    "nixpkgs_3": {
      "locked": {
        "lastModified": 1772963539,
        "narHash": "sha256-9jVDGZnvCckTGdYT53d/EfznygLskyLQXYwJLKMPsZs=",
        "owner": "nixos",
        "repo": "nixpkgs",
        "rev": "9dcb002ca1690658be4a04645215baea8b95f31d",
        "type": "github"
      },
      "original": {
        "owner": "nixos",
        "ref": "nixos-unstable",
        "repo": "nixpkgs",
        "type": "github"
      }
    },
    "nixpkgs_4": {
      "locked": {
        "lastModified": 1777428379,
        "narHash": "sha256-ypxFOeDz+CqADEQNL72haqGjvZQdBR5Vc7pyx2JDttI=",
        "owner": "nixos",
        "repo": "nixpkgs",
        "rev": "755f5aa91337890c432639c60b6064bb7fe67769",
=======
        "lastModified": 1764522689,
        "narHash": "sha256-SqUuBFjhl/kpDiVaKLQBoD8TLD+/cTUzzgVFoaHrkqY=",
        "owner": "nixos",
        "repo": "nixpkgs",
        "rev": "8bb5646e0bed5dbd3ab08c7a7cc15b75ab4e1d0f",
>>>>>>> 98f10f82d6385071afd666d63032ffb49ab0e20c
        "type": "github"
      },
      "original": {
        "owner": "nixos",
        "ref": "nixos-25.11",
        "repo": "nixpkgs",
        "type": "github"
      }
    },
<<<<<<< HEAD
    "nixpkgs_5": {
      "locked": {
        "lastModified": 1772542754,
        "narHash": "sha256-WGV2hy+VIeQsYXpsLjdr4GvHv5eECMISX1zKLTedhdg=",
        "owner": "NixOS",
        "repo": "nixpkgs",
        "rev": "8c809a146a140c5c8806f13399592dbcb1bb5dc4",
        "type": "github"
      },
      "original": {
        "owner": "NixOS",
=======
    "nixpkgs_3": {
      "locked": {
        "lastModified": 1759036355,
        "narHash": "sha256-0m27AKv6ka+q270dw48KflE0LwQYrO7Fm4/2//KCVWg=",
        "owner": "nixos",
        "repo": "nixpkgs",
        "rev": "e9f00bd893984bc8ce46c895c3bf7cac95331127",
        "type": "github"
      },
      "original": {
        "owner": "nixos",
>>>>>>> 98f10f82d6385071afd666d63032ffb49ab0e20c
        "ref": "nixos-unstable",
        "repo": "nixpkgs",
        "type": "github"
      }
    },
    "nur": {
      "inputs": {
        "flake-parts": [
          "stylix",
          "flake-parts"
        ],
        "nixpkgs": [
          "stylix",
          "nixpkgs"
<<<<<<< HEAD
        ]
      },
      "locked": {
        "lastModified": 1767886815,
        "narHash": "sha256-pB2BBv6X9cVGydEV/9Y8+uGCvuYJAlsprs1v1QHjccA=",
        "owner": "nix-community",
        "repo": "NUR",
        "rev": "4ff84374d77ff62e2e13a46c33bfeb73590f9fef",
=======
        ],
        "treefmt-nix": "treefmt-nix"
      },
      "locked": {
        "lastModified": 1751320053,
        "narHash": "sha256-3m6RMw0FbbaUUa01PNaMLoO7D99aBClmY5ed9V3vz+0=",
        "owner": "nix-community",
        "repo": "NUR",
        "rev": "cbde1735782f9c2bb2c63d5e05fba171a14a4670",
>>>>>>> 98f10f82d6385071afd666d63032ffb49ab0e20c
        "type": "github"
      },
      "original": {
        "owner": "nix-community",
        "repo": "NUR",
        "type": "github"
      }
    },
    "root": {
      "inputs": {
<<<<<<< HEAD
        "anki-mcp": "anki-mcp",
        "betterfox": "betterfox",
        "browseros-ai": "browseros-ai",
        "home-manager": "home-manager",
        "lan-mouse": "lan-mouse",
        "niri": "niri",
        "nixpkgs": "nixpkgs_4",
=======
        "betterfox": "betterfox",
        "home-manager": "home-manager",
        "lan-mouse": "lan-mouse",
        "niri": "niri",
        "nixpkgs": "nixpkgs_2",
>>>>>>> 98f10f82d6385071afd666d63032ffb49ab0e20c
        "nixpkgs-unstable": "nixpkgs-unstable",
        "stylix": "stylix",
        "vicinae": "vicinae",
        "way-edges": "way-edges",
<<<<<<< HEAD
=======
        "winapps": "winapps",
>>>>>>> 98f10f82d6385071afd666d63032ffb49ab0e20c
        "zen-browser": "zen-browser"
      }
    },
    "rust-overlay": {
      "inputs": {
        "nixpkgs": [
          "lan-mouse",
          "nixpkgs"
        ]
      },
      "locked": {
<<<<<<< HEAD
        "lastModified": 1773025773,
        "narHash": "sha256-Wik8+xApNfldpUFjPmJkPdg0RrvUPSWGIZis+A/0N1w=",
        "owner": "oxalica",
        "repo": "rust-overlay",
        "rev": "3c06fdbbd36ff60386a1e590ee0cd52dcd1892bf",
=======
        "lastModified": 1752806774,
        "narHash": "sha256-4cHeoR2roN7d/3J6gT+l6o7J2hTrBIUiCwVdDNMeXzE=",
        "owner": "oxalica",
        "repo": "rust-overlay",
        "rev": "3c90219b3ba1c9790c45a078eae121de48a39c55",
>>>>>>> 98f10f82d6385071afd666d63032ffb49ab0e20c
        "type": "github"
      },
      "original": {
        "owner": "oxalica",
        "repo": "rust-overlay",
        "type": "github"
      }
    },
    "rust-overlay_2": {
      "inputs": {
        "nixpkgs": [
          "way-edges",
          "nixpkgs"
        ]
      },
      "locked": {
<<<<<<< HEAD
        "lastModified": 1761878277,
        "narHash": "sha256-6fCtyVdTzoQejwoextAu7dCLoy5fyD3WVh+Qm7t2Nhg=",
        "owner": "oxalica",
        "repo": "rust-overlay",
        "rev": "6604534e44090c917db714faa58d47861657690c",
=======
        "lastModified": 1753066249,
        "narHash": "sha256-j2UBrfDRIePGx3532Bbb9UeosNX2F73hfOAHtmACfnM=",
        "owner": "oxalica",
        "repo": "rust-overlay",
        "rev": "0751b65633a1785743ca44fd7c14a633c54c1f91",
>>>>>>> 98f10f82d6385071afd666d63032ffb49ab0e20c
        "type": "github"
      },
      "original": {
        "owner": "oxalica",
        "repo": "rust-overlay",
        "type": "github"
      }
    },
    "stylix": {
      "inputs": {
        "base16": "base16",
        "base16-fish": "base16-fish",
        "base16-helix": "base16-helix",
        "base16-vim": "base16-vim",
        "firefox-gnome-theme": "firefox-gnome-theme",
<<<<<<< HEAD
        "flake-parts": "flake-parts_2",
=======
        "flake-parts": "flake-parts",
>>>>>>> 98f10f82d6385071afd666d63032ffb49ab0e20c
        "gnome-shell": "gnome-shell",
        "nixpkgs": [
          "nixpkgs"
        ],
        "nur": "nur",
        "systems": "systems",
        "tinted-foot": "tinted-foot",
        "tinted-kitty": "tinted-kitty",
        "tinted-schemes": "tinted-schemes",
        "tinted-tmux": "tinted-tmux",
        "tinted-zed": "tinted-zed"
      },
      "locked": {
<<<<<<< HEAD
        "lastModified": 1776894428,
        "narHash": "sha256-wuT915MyCtMTfLj+uo9y8wtCwkEgJXiXvcbSleFrlN0=",
        "owner": "nix-community",
        "repo": "stylix",
        "rev": "f34be27ce83efaa1c85ad1e5b1f8b6dea65b147d",
=======
        "lastModified": 1764600318,
        "narHash": "sha256-PtJfp13TUHZ24Z3ybeb2W3pOr+SEjI3xkcTumgGT28E=",
        "owner": "nix-community",
        "repo": "stylix",
        "rev": "c9760a6a2ba532e6d0dcae804b7cb62ec7198f70",
>>>>>>> 98f10f82d6385071afd666d63032ffb49ab0e20c
        "type": "github"
      },
      "original": {
        "owner": "nix-community",
        "ref": "release-25.11",
        "repo": "stylix",
        "type": "github"
      }
    },
    "systems": {
      "locked": {
        "lastModified": 1681028828,
        "narHash": "sha256-Vy1rq5AaRuLzOxct8nz4T6wlgyUR7zLU309k9mBC768=",
        "owner": "nix-systems",
        "repo": "default",
        "rev": "da67096a3b9bf56a91d16901293e51ba5b49a27e",
        "type": "github"
      },
      "original": {
        "owner": "nix-systems",
        "repo": "default",
        "type": "github"
      }
    },
    "systems_2": {
      "locked": {
        "lastModified": 1681028828,
        "narHash": "sha256-Vy1rq5AaRuLzOxct8nz4T6wlgyUR7zLU309k9mBC768=",
        "owner": "nix-systems",
        "repo": "default",
        "rev": "da67096a3b9bf56a91d16901293e51ba5b49a27e",
        "type": "github"
      },
      "original": {
        "owner": "nix-systems",
        "repo": "default",
        "type": "github"
      }
    },
<<<<<<< HEAD
=======
    "systems_3": {
      "locked": {
        "lastModified": 1681028828,
        "narHash": "sha256-Vy1rq5AaRuLzOxct8nz4T6wlgyUR7zLU309k9mBC768=",
        "owner": "nix-systems",
        "repo": "default",
        "rev": "da67096a3b9bf56a91d16901293e51ba5b49a27e",
        "type": "github"
      },
      "original": {
        "owner": "nix-systems",
        "repo": "default",
        "type": "github"
      }
    },
>>>>>>> 98f10f82d6385071afd666d63032ffb49ab0e20c
    "tinted-foot": {
      "flake": false,
      "locked": {
        "lastModified": 1726913040,
        "narHash": "sha256-+eDZPkw7efMNUf3/Pv0EmsidqdwNJ1TaOum6k7lngDQ=",
        "owner": "tinted-theming",
        "repo": "tinted-foot",
        "rev": "fd1b924b6c45c3e4465e8a849e67ea82933fcbe4",
        "type": "github"
      },
      "original": {
        "owner": "tinted-theming",
        "repo": "tinted-foot",
        "rev": "fd1b924b6c45c3e4465e8a849e67ea82933fcbe4",
        "type": "github"
      }
    },
    "tinted-kitty": {
      "flake": false,
      "locked": {
        "lastModified": 1735730497,
        "narHash": "sha256-4KtB+FiUzIeK/4aHCKce3V9HwRvYaxX+F1edUrfgzb8=",
        "owner": "tinted-theming",
        "repo": "tinted-kitty",
        "rev": "de6f888497f2c6b2279361bfc790f164bfd0f3fa",
        "type": "github"
      },
      "original": {
        "owner": "tinted-theming",
        "repo": "tinted-kitty",
        "type": "github"
      }
    },
    "tinted-schemes": {
      "flake": false,
      "locked": {
<<<<<<< HEAD
        "lastModified": 1767817087,
        "narHash": "sha256-eGE8OYoK6HzhJt/7bOiNV2cx01IdIrHL7gXgjkHRdNo=",
        "owner": "tinted-theming",
        "repo": "schemes",
        "rev": "bd99656235aab343e3d597bf196df9bc67429507",
=======
        "lastModified": 1750770351,
        "narHash": "sha256-LI+BnRoFNRa2ffbe3dcuIRYAUcGklBx0+EcFxlHj0SY=",
        "owner": "tinted-theming",
        "repo": "schemes",
        "rev": "5a775c6ffd6e6125947b393872cde95867d85a2a",
>>>>>>> 98f10f82d6385071afd666d63032ffb49ab0e20c
        "type": "github"
      },
      "original": {
        "owner": "tinted-theming",
        "repo": "schemes",
        "type": "github"
      }
    },
    "tinted-tmux": {
      "flake": false,
      "locked": {
<<<<<<< HEAD
        "lastModified": 1767489635,
        "narHash": "sha256-e6nnFnWXKBCJjCv4QG4bbcouJ6y3yeT70V9MofL32lU=",
        "owner": "tinted-theming",
        "repo": "tinted-tmux",
        "rev": "3c32729ccae99be44fe8a125d20be06f8d7d8184",
=======
        "lastModified": 1751159871,
        "narHash": "sha256-UOHBN1fgHIEzvPmdNMHaDvdRMgLmEJh2hNmDrp3d3LE=",
        "owner": "tinted-theming",
        "repo": "tinted-tmux",
        "rev": "bded5e24407cec9d01bd47a317d15b9223a1546c",
>>>>>>> 98f10f82d6385071afd666d63032ffb49ab0e20c
        "type": "github"
      },
      "original": {
        "owner": "tinted-theming",
        "repo": "tinted-tmux",
        "type": "github"
      }
    },
    "tinted-zed": {
      "flake": false,
      "locked": {
<<<<<<< HEAD
        "lastModified": 1767488740,
        "narHash": "sha256-wVOj0qyil8m+ouSsVZcNjl5ZR+1GdOOAooAatQXHbuU=",
        "owner": "tinted-theming",
        "repo": "base16-zed",
        "rev": "11abb0b282ad3786a2aae088d3a01c60916f2e40",
=======
        "lastModified": 1751158968,
        "narHash": "sha256-ksOyv7D3SRRtebpXxgpG4TK8gZSKFc4TIZpR+C98jX8=",
        "owner": "tinted-theming",
        "repo": "base16-zed",
        "rev": "86a470d94204f7652b906ab0d378e4231a5b3384",
>>>>>>> 98f10f82d6385071afd666d63032ffb49ab0e20c
        "type": "github"
      },
      "original": {
        "owner": "tinted-theming",
        "repo": "base16-zed",
        "type": "github"
      }
    },
<<<<<<< HEAD
    "vicinae": {
      "inputs": {
        "nixpkgs": "nixpkgs_5",
        "systems": "systems_2"
      },
      "locked": {
        "lastModified": 1777485736,
        "narHash": "sha256-U4p3Fb/FTvCskTATTSUkFPkdS8ChZNP890SHo7RUtfY=",
        "owner": "vicinaehq",
        "repo": "vicinae",
        "rev": "c08c69de2fc02b52775f3e152c0020eb5dae80f9",
=======
    "treefmt-nix": {
      "inputs": {
        "nixpkgs": [
          "stylix",
          "nur",
          "nixpkgs"
        ]
      },
      "locked": {
        "lastModified": 1733222881,
        "narHash": "sha256-JIPcz1PrpXUCbaccEnrcUS8jjEb/1vJbZz5KkobyFdM=",
        "owner": "numtide",
        "repo": "treefmt-nix",
        "rev": "49717b5af6f80172275d47a418c9719a31a78b53",
        "type": "github"
      },
      "original": {
        "owner": "numtide",
        "repo": "treefmt-nix",
        "type": "github"
      }
    },
    "vicinae": {
      "inputs": {
        "flake-utils": "flake-utils",
        "nixpkgs": "nixpkgs_3"
      },
      "locked": {
        "lastModified": 1761095432,
        "narHash": "sha256-kQ5Q7zj6hsTiQBLEeNsWV6L11F8EJdrVJO99pdRK0cE=",
        "owner": "vicinaehq",
        "repo": "vicinae",
        "rev": "17576c8a741ebe80d17360acce0ed9c31bec146e",
>>>>>>> 98f10f82d6385071afd666d63032ffb49ab0e20c
        "type": "github"
      },
      "original": {
        "owner": "vicinaehq",
        "repo": "vicinae",
        "type": "github"
      }
    },
    "way-edges": {
      "inputs": {
        "nixpkgs": [
          "nixpkgs"
        ],
        "rust-overlay": "rust-overlay_2"
      },
      "locked": {
<<<<<<< HEAD
        "lastModified": 1777079101,
        "narHash": "sha256-FwJ+4YgLncn0iG7dSB5Ax++24DNbxyIBDE7uqr/n80U=",
        "owner": "way-edges",
        "repo": "way-edges",
        "rev": "b7c582094d8999b1a83d6738ec7d7abf1464cf54",
=======
        "lastModified": 1761113602,
        "narHash": "sha256-OMCmYYMAZ03shIoJN8hUWW2EOA1/r2mufnXt3WXLhgA=",
        "owner": "way-edges",
        "repo": "way-edges",
        "rev": "52daa020374acf35efa7c5268c209c6a88b8d718",
>>>>>>> 98f10f82d6385071afd666d63032ffb49ab0e20c
        "type": "github"
      },
      "original": {
        "owner": "way-edges",
        "repo": "way-edges",
        "type": "github"
      }
    },
<<<<<<< HEAD
=======
    "winapps": {
      "inputs": {
        "flake-compat": "flake-compat",
        "flake-utils": "flake-utils_2",
        "nix-filter": "nix-filter",
        "nixpkgs": [
          "nixpkgs"
        ]
      },
      "locked": {
        "lastModified": 1765228041,
        "narHash": "sha256-+h7yJqGfTbNy0xAUaGWtMxm8REcHG4SMucVSt3D6vZQ=",
        "owner": "winapps-org",
        "repo": "winapps",
        "rev": "44342c34b839547be0b2ea4f94ed00293fa7cc38",
        "type": "github"
      },
      "original": {
        "owner": "winapps-org",
        "repo": "winapps",
        "type": "github"
      }
    },
>>>>>>> 98f10f82d6385071afd666d63032ffb49ab0e20c
    "xwayland-satellite-stable": {
      "flake": false,
      "locked": {
        "lastModified": 1755491097,
        "narHash": "sha256-m+9tUfsmBeF2Gn4HWa6vSITZ4Gz1eA1F5Kh62B0N4oE=",
        "owner": "Supreeeme",
        "repo": "xwayland-satellite",
        "rev": "388d291e82ffbc73be18169d39470f340707edaa",
        "type": "github"
      },
      "original": {
        "owner": "Supreeeme",
        "ref": "v0.7",
        "repo": "xwayland-satellite",
        "type": "github"
      }
    },
    "xwayland-satellite-unstable": {
      "flake": false,
      "locked": {
<<<<<<< HEAD
        "lastModified": 1773622265,
        "narHash": "sha256-wToKwH7IgWdGLMSIWksEDs4eumR6UbbsuPQ42r0oTXQ=",
        "owner": "Supreeeme",
        "repo": "xwayland-satellite",
        "rev": "a879e5e0896a326adc79c474bf457b8b99011027",
=======
        "lastModified": 1759707084,
        "narHash": "sha256-0pkftKs6/LReNvxw7DVTN2AJEheZVgyeK0Aarbagi70=",
        "owner": "Supreeeme",
        "repo": "xwayland-satellite",
        "rev": "a9188e70bd748118b4d56a529871b9de5adb9988",
>>>>>>> 98f10f82d6385071afd666d63032ffb49ab0e20c
        "type": "github"
      },
      "original": {
        "owner": "Supreeeme",
        "repo": "xwayland-satellite",
        "type": "github"
      }
    },
    "zen-browser": {
      "inputs": {
        "home-manager": "home-manager_2",
        "nixpkgs": [
<<<<<<< HEAD
          "nixpkgs-unstable"
        ]
      },
      "locked": {
        "lastModified": 1777530527,
        "narHash": "sha256-EWEMj4tKScXvUD3mx7IQwrBrozKZEOy0Vdge5HwJZ+w=",
        "owner": "0xc000022070",
        "repo": "zen-browser-flake",
        "rev": "f540b026224e5218512e6fc814d1b5a10638bc1f",
=======
          "nixpkgs"
        ]
      },
      "locked": {
        "lastModified": 1761110379,
        "narHash": "sha256-Um+bUt1ZlQgy+P0b4eHGnZUEDjDti+ibOwfsCfklTOk=",
        "owner": "0xc000022070",
        "repo": "zen-browser-flake",
        "rev": "647840beb53ff5b12a1e916e5ce6edf94f7cd21f",
>>>>>>> 98f10f82d6385071afd666d63032ffb49ab0e20c
        "type": "github"
      },
      "original": {
        "owner": "0xc000022070",
        "repo": "zen-browser-flake",
        "type": "github"
      }
    }
  },
  "root": "root",
  "version": 7
}
